// !$*UTF8*$!
{
	archiveVersion = 1;
	classes = {
	};
	objectVersion = 46;
	objects = {

/* Begin PBXBuildFile section */
		089362251DCB98BC00B3D51F /* NuclearRodsVC.swift in Sources */ = {isa = PBXBuildFile; fileRef = 089362241DCB98BC00B3D51F /* NuclearRodsVC.swift */; };
		089362271DCB98DC00B3D51F /* NuclearRods.storyboard in Resources */ = {isa = PBXBuildFile; fileRef = 089362261DCB98DC00B3D51F /* NuclearRods.storyboard */; };
		08AAB0141DCB12CE0056BD4A /* AppDelegate.swift in Sources */ = {isa = PBXBuildFile; fileRef = 08AAB0131DCB12CE0056BD4A /* AppDelegate.swift */; };
		08AAB0161DCB12CE0056BD4A /* ViewController.swift in Sources */ = {isa = PBXBuildFile; fileRef = 08AAB0151DCB12CE0056BD4A /* ViewController.swift */; };
		08AAB0191DCB12CE0056BD4A /* Main.storyboard in Resources */ = {isa = PBXBuildFile; fileRef = 08AAB0171DCB12CE0056BD4A /* Main.storyboard */; };
		08AAB01B1DCB12CE0056BD4A /* Assets.xcassets in Resources */ = {isa = PBXBuildFile; fileRef = 08AAB01A1DCB12CE0056BD4A /* Assets.xcassets */; };
		08AAB01E1DCB12CE0056BD4A /* LaunchScreen.storyboard in Resources */ = {isa = PBXBuildFile; fileRef = 08AAB01C1DCB12CE0056BD4A /* LaunchScreen.storyboard */; };
		08AAB0291DCB12CE0056BD4A /* ClarityTestTests.swift in Sources */ = {isa = PBXBuildFile; fileRef = 08AAB0281DCB12CE0056BD4A /* ClarityTestTests.swift */; };
		08AAB0341DCB12CE0056BD4A /* ClarityTestUITests.swift in Sources */ = {isa = PBXBuildFile; fileRef = 08AAB0331DCB12CE0056BD4A /* ClarityTestUITests.swift */; };
		08AAB0431DCB15750056BD4A /* CountingPairsVC.swift in Sources */ = {isa = PBXBuildFile; fileRef = 08AAB0411DCB15750056BD4A /* CountingPairsVC.swift */; };
		08AAB0461DCB15A70056BD4A /* CountingPairs.storyboard in Resources */ = {isa = PBXBuildFile; fileRef = 08AAB0451DCB15A70056BD4A /* CountingPairs.storyboard */; };
		08AAB0481DCB56000056BD4A /* Volleyball.storyboard in Resources */ = {isa = PBXBuildFile; fileRef = 08AAB0471DCB56000056BD4A /* Volleyball.storyboard */; };
		08AAB04A1DCB56210056BD4A /* VolleyballVC.swift in Sources */ = {isa = PBXBuildFile; fileRef = 08AAB0491DCB56210056BD4A /* VolleyballVC.swift */; };
/* End PBXBuildFile section */

/* Begin PBXContainerItemProxy section */
		08AAB0251DCB12CE0056BD4A /* PBXContainerItemProxy */ = {
			isa = PBXContainerItemProxy;
			containerPortal = 08AAB0081DCB12CE0056BD4A /* Project object */;
			proxyType = 1;
			remoteGlobalIDString = 08AAB00F1DCB12CE0056BD4A;
			remoteInfo = ClarityTest;
		};
		08AAB0301DCB12CE0056BD4A /* PBXContainerItemProxy */ = {
			isa = PBXContainerItemProxy;
			containerPortal = 08AAB0081DCB12CE0056BD4A /* Project object */;
			proxyType = 1;
			remoteGlobalIDString = 08AAB00F1DCB12CE0056BD4A;
			remoteInfo = ClarityTest;
		};
/* End PBXContainerItemProxy section */

/* Begin PBXFileReference section */
		089362241DCB98BC00B3D51F /* NuclearRodsVC.swift */ = {isa = PBXFileReference; fileEncoding = 4; lastKnownFileType = sourcecode.swift; path = NuclearRodsVC.swift; sourceTree = "<group>"; };
		089362261DCB98DC00B3D51F /* NuclearRods.storyboard */ = {isa = PBXFileReference; fileEncoding = 4; lastKnownFileType = file.storyboard; path = NuclearRods.storyboard; sourceTree = "<group>"; };
		08AAB0101DCB12CE0056BD4A /* ClarityTest.app */ = {isa = PBXFileReference; explicitFileType = wrapper.application; includeInIndex = 0; path = ClarityTest.app; sourceTree = BUILT_PRODUCTS_DIR; };
		08AAB0131DCB12CE0056BD4A /* AppDelegate.swift */ = {isa = PBXFileReference; lastKnownFileType = sourcecode.swift; path = AppDelegate.swift; sourceTree = "<group>"; };
		08AAB0151DCB12CE0056BD4A /* ViewController.swift */ = {isa = PBXFileReference; lastKnownFileType = sourcecode.swift; path = ViewController.swift; sourceTree = "<group>"; };
		08AAB0181DCB12CE0056BD4A /* Base */ = {isa = PBXFileReference; lastKnownFileType = file.storyboard; name = Base; path = Base.lproj/Main.storyboard; sourceTree = "<group>"; };
		08AAB01A1DCB12CE0056BD4A /* Assets.xcassets */ = {isa = PBXFileReference; lastKnownFileType = folder.assetcatalog; path = Assets.xcassets; sourceTree = "<group>"; };
		08AAB01D1DCB12CE0056BD4A /* Base */ = {isa = PBXFileReference; lastKnownFileType = file.storyboard; name = Base; path = Base.lproj/LaunchScreen.storyboard; sourceTree = "<group>"; };
		08AAB01F1DCB12CE0056BD4A /* Info.plist */ = {isa = PBXFileReference; lastKnownFileType = text.plist.xml; path = Info.plist; sourceTree = "<group>"; };
		08AAB0241DCB12CE0056BD4A /* ClarityTestTests.xctest */ = {isa = PBXFileReference; explicitFileType = wrapper.cfbundle; includeInIndex = 0; path = ClarityTestTests.xctest; sourceTree = BUILT_PRODUCTS_DIR; };
		08AAB0281DCB12CE0056BD4A /* ClarityTestTests.swift */ = {isa = PBXFileReference; lastKnownFileType = sourcecode.swift; path = ClarityTestTests.swift; sourceTree = "<group>"; };
		08AAB02A1DCB12CE0056BD4A /* Info.plist */ = {isa = PBXFileReference; lastKnownFileType = text.plist.xml; path = Info.plist; sourceTree = "<group>"; };
		08AAB02F1DCB12CE0056BD4A /* ClarityTestUITests.xctest */ = {isa = PBXFileReference; explicitFileType = wrapper.cfbundle; includeInIndex = 0; path = ClarityTestUITests.xctest; sourceTree = BUILT_PRODUCTS_DIR; };
		08AAB0331DCB12CE0056BD4A /* ClarityTestUITests.swift */ = {isa = PBXFileReference; lastKnownFileType = sourcecode.swift; path = ClarityTestUITests.swift; sourceTree = "<group>"; };
		08AAB0351DCB12CE0056BD4A /* Info.plist */ = {isa = PBXFileReference; lastKnownFileType = text.plist.xml; path = Info.plist; sourceTree = "<group>"; };
		08AAB0411DCB15750056BD4A /* CountingPairsVC.swift */ = {isa = PBXFileReference; fileEncoding = 4; lastKnownFileType = sourcecode.swift; path = CountingPairsVC.swift; sourceTree = "<group>"; };
		08AAB0451DCB15A70056BD4A /* CountingPairs.storyboard */ = {isa = PBXFileReference; fileEncoding = 4; lastKnownFileType = file.storyboard; name = CountingPairs.storyboard; path = ../CountingPairs.storyboard; sourceTree = "<group>"; };
		08AAB0471DCB56000056BD4A /* Volleyball.storyboard */ = {isa = PBXFileReference; fileEncoding = 4; lastKnownFileType = file.storyboard; path = Volleyball.storyboard; sourceTree = "<group>"; };
		08AAB0491DCB56210056BD4A /* VolleyballVC.swift */ = {isa = PBXFileReference; fileEncoding = 4; lastKnownFileType = sourcecode.swift; path = VolleyballVC.swift; sourceTree = "<group>"; };
/* End PBXFileReference section */

/* Begin PBXFrameworksBuildPhase section */
		08AAB00D1DCB12CE0056BD4A /* Frameworks */ = {
			isa = PBXFrameworksBuildPhase;
			buildActionMask = 2147483647;
			files = (
			);
			runOnlyForDeploymentPostprocessing = 0;
		};
		08AAB0211DCB12CE0056BD4A /* Frameworks */ = {
			isa = PBXFrameworksBuildPhase;
			buildActionMask = 2147483647;
			files = (
			);
			runOnlyForDeploymentPostprocessing = 0;
		};
		08AAB02C1DCB12CE0056BD4A /* Frameworks */ = {
			isa = PBXFrameworksBuildPhase;
			buildActionMask = 2147483647;
			files = (
			);
			runOnlyForDeploymentPostprocessing = 0;
		};
/* End PBXFrameworksBuildPhase section */

/* Begin PBXGroup section */
		08AAB0071DCB12CE0056BD4A = {
			isa = PBXGroup;
			children = (
				08AAB0121DCB12CE0056BD4A /* ClarityTest */,
				08AAB0271DCB12CE0056BD4A /* ClarityTestTests */,
				08AAB0321DCB12CE0056BD4A /* ClarityTestUITests */,
				08AAB0111DCB12CE0056BD4A /* Products */,
			);
			sourceTree = "<group>";
		};
		08AAB0111DCB12CE0056BD4A /* Products */ = {
			isa = PBXGroup;
			children = (
				08AAB0101DCB12CE0056BD4A /* ClarityTest.app */,
				08AAB0241DCB12CE0056BD4A /* ClarityTestTests.xctest */,
				08AAB02F1DCB12CE0056BD4A /* ClarityTestUITests.xctest */,
			);
			name = Products;
			sourceTree = "<group>";
		};
		08AAB0121DCB12CE0056BD4A /* ClarityTest */ = {
			isa = PBXGroup;
			children = (
				08AAB0451DCB15A70056BD4A /* CountingPairs.storyboard */,
				08AAB0411DCB15750056BD4A /* CountingPairsVC.swift */,
				08AAB0131DCB12CE0056BD4A /* AppDelegate.swift */,
				08AAB0151DCB12CE0056BD4A /* ViewController.swift */,
				08AAB0171DCB12CE0056BD4A /* Main.storyboard */,
				08AAB01A1DCB12CE0056BD4A /* Assets.xcassets */,
				08AAB01C1DCB12CE0056BD4A /* LaunchScreen.storyboard */,
				08AAB01F1DCB12CE0056BD4A /* Info.plist */,
				08AAB0471DCB56000056BD4A /* Volleyball.storyboard */,
				08AAB0491DCB56210056BD4A /* VolleyballVC.swift */,
				089362241DCB98BC00B3D51F /* NuclearRodsVC.swift */,
				089362261DCB98DC00B3D51F /* NuclearRods.storyboard */,
			);
			path = ClarityTest;
			sourceTree = "<group>";
		};
		08AAB0271DCB12CE0056BD4A /* ClarityTestTests */ = {
			isa = PBXGroup;
			children = (
				08AAB0281DCB12CE0056BD4A /* ClarityTestTests.swift */,
				08AAB02A1DCB12CE0056BD4A /* Info.plist */,
			);
			path = ClarityTestTests;
			sourceTree = "<group>";
		};
		08AAB0321DCB12CE0056BD4A /* ClarityTestUITests */ = {
			isa = PBXGroup;
			children = (
				08AAB0331DCB12CE0056BD4A /* ClarityTestUITests.swift */,
				08AAB0351DCB12CE0056BD4A /* Info.plist */,
			);
			path = ClarityTestUITests;
			sourceTree = "<group>";
		};
/* End PBXGroup section */

/* Begin PBXNativeTarget section */
		08AAB00F1DCB12CE0056BD4A /* ClarityTest */ = {
			isa = PBXNativeTarget;
			buildConfigurationList = 08AAB0381DCB12CE0056BD4A /* Build configuration list for PBXNativeTarget "ClarityTest" */;
			buildPhases = (
				08AAB00C1DCB12CE0056BD4A /* Sources */,
				08AAB00D1DCB12CE0056BD4A /* Frameworks */,
				08AAB00E1DCB12CE0056BD4A /* Resources */,
			);
			buildRules = (
			);
			dependencies = (
			);
			name = ClarityTest;
			productName = ClarityTest;
			productReference = 08AAB0101DCB12CE0056BD4A /* ClarityTest.app */;
			productType = "com.apple.product-type.application";
		};
		08AAB0231DCB12CE0056BD4A /* ClarityTestTests */ = {
			isa = PBXNativeTarget;
			buildConfigurationList = 08AAB03B1DCB12CE0056BD4A /* Build configuration list for PBXNativeTarget "ClarityTestTests" */;
			buildPhases = (
				08AAB0201DCB12CE0056BD4A /* Sources */,
				08AAB0211DCB12CE0056BD4A /* Frameworks */,
				08AAB0221DCB12CE0056BD4A /* Resources */,
			);
			buildRules = (
			);
			dependencies = (
				08AAB0261DCB12CE0056BD4A /* PBXTargetDependency */,
			);
			name = ClarityTestTests;
			productName = ClarityTestTests;
			productReference = 08AAB0241DCB12CE0056BD4A /* ClarityTestTests.xctest */;
			productType = "com.apple.product-type.bundle.unit-test";
		};
		08AAB02E1DCB12CE0056BD4A /* ClarityTestUITests */ = {
			isa = PBXNativeTarget;
			buildConfigurationList = 08AAB03E1DCB12CE0056BD4A /* Build configuration list for PBXNativeTarget "ClarityTestUITests" */;
			buildPhases = (
				08AAB02B1DCB12CE0056BD4A /* Sources */,
				08AAB02C1DCB12CE0056BD4A /* Frameworks */,
				08AAB02D1DCB12CE0056BD4A /* Resources */,
			);
			buildRules = (
			);
			dependencies = (
				08AAB0311DCB12CE0056BD4A /* PBXTargetDependency */,
			);
			name = ClarityTestUITests;
			productName = ClarityTestUITests;
			productReference = 08AAB02F1DCB12CE0056BD4A /* ClarityTestUITests.xctest */;
			productType = "com.apple.product-type.bundle.ui-testing";
		};
/* End PBXNativeTarget section */

/* Begin PBXProject section */
		08AAB0081DCB12CE0056BD4A /* Project object */ = {
			isa = PBXProject;
			attributes = {
				LastSwiftUpdateCheck = 0800;
				LastUpgradeCheck = 0800;
				ORGANIZATIONNAME = BF;
				TargetAttributes = {
					08AAB00F1DCB12CE0056BD4A = {
						CreatedOnToolsVersion = 8.0;
						DevelopmentTeam = EKCZMB6S69;
						ProvisioningStyle = Automatic;
					};
					08AAB0231DCB12CE0056BD4A = {
						CreatedOnToolsVersion = 8.0;
						DevelopmentTeam = EKCZMB6S69;
						ProvisioningStyle = Automatic;
						TestTargetID = 08AAB00F1DCB12CE0056BD4A;
					};
					08AAB02E1DCB12CE0056BD4A = {
						CreatedOnToolsVersion = 8.0;
						DevelopmentTeam = EKCZMB6S69;
						ProvisioningStyle = Automatic;
						TestTargetID = 08AAB00F1DCB12CE0056BD4A;
					};
				};
			};
			buildConfigurationList = 08AAB00B1DCB12CE0056BD4A /* Build configuration list for PBXProject "ClarityTest" */;
			compatibilityVersion = "Xcode 3.2";
			developmentRegion = English;
			hasScannedForEncodings = 0;
			knownRegions = (
				en,
				Base,
			);
			mainGroup = 08AAB0071DCB12CE0056BD4A;
			productRefGroup = 08AAB0111DCB12CE0056BD4A /* Products */;
			projectDirPath = "";
			projectRoot = "";
			targets = (
				08AAB00F1DCB12CE0056BD4A /* ClarityTest */,
				08AAB0231DCB12CE0056BD4A /* ClarityTestTests */,
				08AAB02E1DCB12CE0056BD4A /* ClarityTestUITests */,
			);
		};
/* End PBXProject section */

/* Begin PBXResourcesBuildPhase section */
		08AAB00E1DCB12CE0056BD4A /* Resources */ = {
			isa = PBXResourcesBuildPhase;
			buildActionMask = 2147483647;
			files = (
				08AAB01E1DCB12CE0056BD4A /* LaunchScreen.storyboard in Resources */,
				08AAB01B1DCB12CE0056BD4A /* Assets.xcassets in Resources */,
				08AAB0461DCB15A70056BD4A /* CountingPairs.storyboard in Resources */,
				089362271DCB98DC00B3D51F /* NuclearRods.storyboard in Resources */,
				08AAB0191DCB12CE0056BD4A /* Main.storyboard in Resources */,
				08AAB0481DCB56000056BD4A /* Volleyball.storyboard in Resources */,
			);
			runOnlyForDeploymentPostprocessing = 0;
		};
		08AAB0221DCB12CE0056BD4A /* Resources */ = {
			isa = PBXResourcesBuildPhase;
			buildActionMask = 2147483647;
			files = (
			);
			runOnlyForDeploymentPostprocessing = 0;
		};
		08AAB02D1DCB12CE0056BD4A /* Resources */ = {
			isa = PBXResourcesBuildPhase;
			buildActionMask = 2147483647;
			files = (
			);
			runOnlyForDeploymentPostprocessing = 0;
		};
/* End PBXResourcesBuildPhase section */

/* Begin PBXSourcesBuildPhase section */
		08AAB00C1DCB12CE0056BD4A /* Sources */ = {
			isa = PBXSourcesBuildPhase;
			buildActionMask = 2147483647;
			files = (
				08AAB04A1DCB56210056BD4A /* VolleyballVC.swift in Sources */,
				08AAB0161DCB12CE0056BD4A /* ViewController.swift in Sources */,
				08AAB0141DCB12CE0056BD4A /* AppDelegate.swift in Sources */,
				089362251DCB98BC00B3D51F /* NuclearRodsVC.swift in Sources */,
				08AAB0431DCB15750056BD4A /* CountingPairsVC.swift in Sources */,
			);
			runOnlyForDeploymentPostprocessing = 0;
		};
		08AAB0201DCB12CE0056BD4A /* Sources */ = {
			isa = PBXSourcesBuildPhase;
			buildActionMask = 2147483647;
			files = (
				08AAB0291DCB12CE0056BD4A /* ClarityTestTests.swift in Sources */,
			);
			runOnlyForDeploymentPostprocessing = 0;
		};
		08AAB02B1DCB12CE0056BD4A /* Sources */ = {
			isa = PBXSourcesBuildPhase;
			buildActionMask = 2147483647;
			files = (
				08AAB0341DCB12CE0056BD4A /* ClarityTestUITests.swift in Sources */,
			);
			runOnlyForDeploymentPostprocessing = 0;
		};
/* End PBXSourcesBuildPhase section */

/* Begin PBXTargetDependency section */
		08AAB0261DCB12CE0056BD4A /* PBXTargetDependency */ = {
			isa = PBXTargetDependency;
			target = 08AAB00F1DCB12CE0056BD4A /* ClarityTest */;
			targetProxy = 08AAB0251DCB12CE0056BD4A /* PBXContainerItemProxy */;
		};
		08AAB0311DCB12CE0056BD4A /* PBXTargetDependency */ = {
			isa = PBXTargetDependency;
			target = 08AAB00F1DCB12CE0056BD4A /* ClarityTest */;
			targetProxy = 08AAB0301DCB12CE0056BD4A /* PBXContainerItemProxy */;
		};
/* End PBXTargetDependency section */

/* Begin PBXVariantGroup section */
		08AAB0171DCB12CE0056BD4A /* Main.storyboard */ = {
			isa = PBXVariantGroup;
			children = (
				08AAB0181DCB12CE0056BD4A /* Base */,
			);
			name = Main.storyboard;
			sourceTree = "<group>";
		};
		08AAB01C1DCB12CE0056BD4A /* LaunchScreen.storyboard */ = {
			isa = PBXVariantGroup;
			children = (
				08AAB01D1DCB12CE0056BD4A /* Base */,
			);
			name = LaunchScreen.storyboard;
			sourceTree = "<group>";
		};
/* End PBXVariantGroup section */

/* Begin XCBuildConfiguration section */
		08AAB0361DCB12CE0056BD4A /* Debug */ = {
			isa = XCBuildConfiguration;
			buildSettings = {
				ALWAYS_SEARCH_USER_PATHS = NO;
				CLANG_ANALYZER_NONNULL = YES;
				CLANG_CXX_LANGUAGE_STANDARD = "gnu++0x";
				CLANG_CXX_LIBRARY = "libc++";
				CLANG_ENABLE_MODULES = YES;
				CLANG_ENABLE_OBJC_ARC = YES;
				CLANG_WARN_BOOL_CONVERSION = YES;
				CLANG_WARN_CONSTANT_CONVERSION = YES;
				CLANG_WARN_DIRECT_OBJC_ISA_USAGE = YES_ERROR;
				CLANG_WARN_DOCUMENTATION_COMMENTS = YES;
				CLANG_WARN_EMPTY_BODY = YES;
				CLANG_WARN_ENUM_CONVERSION = YES;
				CLANG_WARN_INFINITE_RECURSION = YES;
				CLANG_WARN_INT_CONVERSION = YES;
				CLANG_WARN_OBJC_ROOT_CLASS = YES_ERROR;
				CLANG_WARN_SUSPICIOUS_MOVES = YES;
				CLANG_WARN_UNREACHABLE_CODE = YES;
				CLANG_WARN__DUPLICATE_METHOD_MATCH = YES;
				"CODE_SIGN_IDENTITY[sdk=iphoneos*]" = "iPhone Developer";
				COPY_PHASE_STRIP = NO;
				DEBUG_INFORMATION_FORMAT = dwarf;
				ENABLE_STRICT_OBJC_MSGSEND = YES;
				ENABLE_TESTABILITY = YES;
				GCC_C_LANGUAGE_STANDARD = gnu99;
				GCC_DYNAMIC_NO_PIC = NO;
				GCC_NO_COMMON_BLOCKS = YES;
				GCC_OPTIMIZATION_LEVEL = 0;
				GCC_PREPROCESSOR_DEFINITIONS = (
					"DEBUG=1",
					"$(inherited)",
				);
				GCC_WARN_64_TO_32_BIT_CONVERSION = YES;
				GCC_WARN_ABOUT_RETURN_TYPE = YES_ERROR;
				GCC_WARN_UNDECLARED_SELECTOR = YES;
				GCC_WARN_UNINITIALIZED_AUTOS = YES_AGGRESSIVE;
				GCC_WARN_UNUSED_FUNCTION = YES;
				GCC_WARN_UNUSED_VARIABLE = YES;
				IPHONEOS_DEPLOYMENT_TARGET = 10.0;
				MTL_ENABLE_DEBUG_INFO = YES;
				ONLY_ACTIVE_ARCH = YES;
				SDKROOT = iphoneos;
				SWIFT_ACTIVE_COMPILATION_CONDITIONS = DEBUG;
				SWIFT_OPTIMIZATION_LEVEL = "-Onone";
				TARGETED_DEVICE_FAMILY = "1,2";
			};
			name = Debug;
		};
		08AAB0371DCB12CE0056BD4A /* Release */ = {
			isa = XCBuildConfiguration;
			buildSettings = {
				ALWAYS_SEARCH_USER_PATHS = NO;
				CLANG_ANALYZER_NONNULL = YES;
				CLANG_CXX_LANGUAGE_STANDARD = "gnu++0x";
				CLANG_CXX_LIBRARY = "libc++";
				CLANG_ENABLE_MODULES = YES;
				CLANG_ENABLE_OBJC_ARC = YES;
				CLANG_WARN_BOOL_CONVERSION = YES;
				CLANG_WARN_CONSTANT_CONVERSION = YES;
				CLANG_WARN_DIRECT_OBJC_ISA_USAGE = YES_ERROR;
				CLANG_WARN_DOCUMENTATION_COMMENTS = YES;
				CLANG_WARN_EMPTY_BODY = YES;
				CLANG_WARN_ENUM_CONVERSION = YES;
				CLANG_WARN_INFINITE_RECURSION = YES;
				CLANG_WARN_INT_CONVERSION = YES;
				CLANG_WARN_OBJC_ROOT_CLASS = YES_ERROR;
				CLANG_WARN_SUSPICIOUS_MOVES = YES;
				CLANG_WARN_UNREACHABLE_CODE = YES;
				CLANG_WARN__DUPLICATE_METHOD_MATCH = YES;
				"CODE_SIGN_IDENTITY[sdk=iphoneos*]" = "iPhone Developer";
				COPY_PHASE_STRIP = NO;
				DEBUG_INFORMATION_FORMAT = "dwarf-with-dsym";
				ENABLE_NS_ASSERTIONS = NO;
				ENABLE_STRICT_OBJC_MSGSEND = YES;
				GCC_C_LANGUAGE_STANDARD = gnu99;
				GCC_NO_COMMON_BLOCKS = YES;
				GCC_WARN_64_TO_32_BIT_CONVERSION = YES;
				GCC_WARN_ABOUT_RETURN_TYPE = YES_ERROR;
				GCC_WARN_UNDECLARED_SELECTOR = YES;
				GCC_WARN_UNINITIALIZED_AUTOS = YES_AGGRESSIVE;
				GCC_WARN_UNUSED_FUNCTION = YES;
				GCC_WARN_UNUSED_VARIABLE = YES;
				IPHONEOS_DEPLOYMENT_TARGET = 10.0;
				MTL_ENABLE_DEBUG_INFO = NO;
				SDKROOT = iphoneos;
				SWIFT_OPTIMIZATION_LEVEL = "-Owholemodule";
				TARGETED_DEVICE_FAMILY = "1,2";
				VALIDATE_PRODUCT = YES;
			};
			name = Release;
		};
		08AAB0391DCB12CE0056BD4A /* Debug */ = {
			isa = XCBuildConfiguration;
			buildSettings = {
				ASSETCATALOG_COMPILER_APPICON_NAME = AppIcon;
				DEVELOPMENT_TEAM = EKCZMB6S69;
				INFOPLIST_FILE = ClarityTest/Info.plist;
				LD_RUNPATH_SEARCH_PATHS = "$(inherited) @executable_path/Frameworks";
				PRODUCT_BUNDLE_IDENTIFIER = BF.ClarityTest;
				PRODUCT_NAME = "$(TARGET_NAME)";
				SWIFT_VERSION = 3.0;
			};
			name = Debug;
		};
		08AAB03A1DCB12CE0056BD4A /* Release */ = {
			isa = XCBuildConfiguration;
			buildSettings = {
				ASSETCATALOG_COMPILER_APPICON_NAME = AppIcon;
				DEVELOPMENT_TEAM = EKCZMB6S69;
				INFOPLIST_FILE = ClarityTest/Info.plist;
				LD_RUNPATH_SEARCH_PATHS = "$(inherited) @executable_path/Frameworks";
				PRODUCT_BUNDLE_IDENTIFIER = BF.ClarityTest;
				PRODUCT_NAME = "$(TARGET_NAME)";
				SWIFT_VERSION = 3.0;
			};
			name = Release;
		};
		08AAB03C1DCB12CE0056BD4A /* Debug */ = {
			isa = XCBuildConfiguration;
			buildSettings = {
				ALWAYS_EMBED_SWIFT_STANDARD_LIBRARIES = YES;
				BUNDLE_LOADER = "$(TEST_HOST)";
				DEVELOPMENT_TEAM = EKCZMB6S69;
				INFOPLIST_FILE = ClarityTestTests/Info.plist;
				LD_RUNPATH_SEARCH_PATHS = "$(inherited) @executable_path/Frameworks @loader_path/Frameworks";
				PRODUCT_BUNDLE_IDENTIFIER = BF.ClarityTestTests;
				PRODUCT_NAME = "$(TARGET_NAME)";
				SWIFT_VERSION = 3.0;
				TEST_HOST = "$(BUILT_PRODUCTS_DIR)/ClarityTest.app/ClarityTest";
			};
			name = Debug;
		};
		08AAB03D1DCB12CE0056BD4A /* Release */ = {
			isa = XCBuildConfiguration;
			buildSettings = {
				ALWAYS_EMBED_SWIFT_STANDARD_LIBRARIES = YES;
				BUNDLE_LOADER = "$(TEST_HOST)";
				DEVELOPMENT_TEAM = EKCZMB6S69;
				INFOPLIST_FILE = ClarityTestTests/Info.plist;
				LD_RUNPATH_SEARCH_PATHS = "$(inherited) @executable_path/Frameworks @loader_path/Frameworks";
				PRODUCT_BUNDLE_IDENTIFIER = BF.ClarityTestTests;
				PRODUCT_NAME = "$(TARGET_NAME)";
				SWIFT_VERSION = 3.0;
				TEST_HOST = "$(BUILT_PRODUCTS_DIR)/ClarityTest.app/ClarityTest";
			};
			name = Release;
		};
		08AAB03F1DCB12CE0056BD4A /* Debug */ = {
			isa = XCBuildConfiguration;
			buildSettings = {
				ALWAYS_EMBED_SWIFT_STANDARD_LIBRARIES = YES;
				DEVELOPMENT_TEAM = EKCZMB6S69;
				INFOPLIST_FILE = ClarityTestUITests/Info.plist;
				LD_RUNPATH_SEARCH_PATHS = "$(inherited) @executable_path/Frameworks @loader_path/Frameworks";
				PRODUCT_BUNDLE_IDENTIFIER = BF.ClarityTestUITests;
				PRODUCT_NAME = "$(TARGET_NAME)";
				SWIFT_VERSION = 3.0;
				TEST_TARGET_NAME = ClarityTest;
			};
			name = Debug;
		};
		08AAB0401DCB12CE0056BD4A /* Release */ = {
			isa = XCBuildConfiguration;
			buildSettings = {
				ALWAYS_EMBED_SWIFT_STANDARD_LIBRARIES = YES;
				DEVELOPMENT_TEAM = EKCZMB6S69;
				INFOPLIST_FILE = ClarityTestUITests/Info.plist;
				LD_RUNPATH_SEARCH_PATHS = "$(inherited) @executable_path/Frameworks @loader_path/Frameworks";
				PRODUCT_BUNDLE_IDENTIFIER = BF.ClarityTestUITests;
				PRODUCT_NAME = "$(TARGET_NAME)";
				SWIFT_VERSION = 3.0;
				TEST_TARGET_NAME = ClarityTest;
			};
			name = Release;
		};
/* End XCBuildConfiguration section */

/* Begin XCConfigurationList section */
		08AAB00B1DCB12CE0056BD4A /* Build configuration list for PBXProject "ClarityTest" */ = {
			isa = XCConfigurationList;
			buildConfigurations = (
				08AAB0361DCB12CE0056BD4A /* Debug */,
				08AAB0371DCB12CE0056BD4A /* Release */,
			);
			defaultConfigurationIsVisible = 0;
			defaultConfigurationName = Release;
		};
		08AAB0381DCB12CE0056BD4A /* Build configuration list for PBXNativeTarget "ClarityTest" */ = {
			isa = XCConfigurationList;
			buildConfigurations = (
				08AAB0391DCB12CE0056BD4A /* Debug */,
				08AAB03A1DCB12CE0056BD4A /* Release */,
			);
			defaultConfigurationIsVisible = 0;
			defaultConfigurationName = Release;
		};
		08AAB03B1DCB12CE0056BD4A /* Build configuration list for PBXNativeTarget "ClarityTestTests" */ = {
			isa = XCConfigurationList;
			buildConfigurations = (
				08AAB03C1DCB12CE0056BD4A /* Debug */,
				08AAB03D1DCB12CE0056BD4A /* Release */,
			);
			defaultConfigurationIsVisible = 0;
			defaultConfigurationName = Release;
		};
		08AAB03E1DCB12CE0056BD4A /* Build configuration list for PBXNativeTarget "ClarityTestUITests" */ = {
			isa = XCConfigurationList;
			buildConfigurations = (
				08AAB03F1DCB12CE0056BD4A /* Debug */,
				08AAB0401DCB12CE0056BD4A /* Release */,
			);
			defaultConfigurationIsVisible = 0;
			defaultConfigurationName = Release;
		};
/* End XCConfigurationList section */
	};
	rootObject = 08AAB0081DCB12CE0056BD4A /* Project object */;
}
